
Microsoft Visual Studio Solution File, Format Version 12.00
# Visual Studio Version 17
VisualStudioVersion = 17.14.37314.3 d17.14
MinimumVisualStudioVersion = 10.0.40219.1
Project("{FAE04EC0-301F-11D3-BF4B-00C04F79EFBC}") = "CareBridge.EFCoreDemo", "CareBridge.EFCoreDemo\CareBridge.EFCoreDemo.csproj", "{B6DF761D-B8B2-4F93-9192-96DDE9EA36A6}"
EndProject
Project("{FAE04EC0-301F-11D3-BF4B-00C04F79EFBC}") = "CareBridge.API", "CareBridge.API\CareBridge.API.csproj", "{B5E26DB4-B182-4636-A059-E96EF7E304C2}"
EndProject
Global
	GlobalSection(SolutionConfigurationPlatforms) = preSolution
		Debug|Any CPU = Debug|Any CPU
		Release|Any CPU = Release|Any CPU
	EndGlobalSection
	GlobalSection(ProjectConfigurationPlatforms) = postSolution
		{B6DF761D-B8B2-4F93-9192-96DDE9EA36A6}.Debug|Any CPU.ActiveCfg = Debug|Any CPU
		{B6DF761D-B8B2-4F93-9192-96DDE9EA36A6}.Debug|Any CPU.Build.0 = Debug|Any CPU
		{B6DF761D-B8B2-4F93-9192-96DDE9EA36A6}.Release|Any CPU.ActiveCfg = Release|Any CPU
		{B6DF761D-B8B2-4F93-9192-96DDE9EA36A6}.Release|Any CPU.Build.0 = Release|Any CPU
		{B5E26DB4-B182-4636-A059-E96EF7E304C2}.Debug|Any CPU.ActiveCfg = Debug|Any CPU
		{B5E26DB4-B182-4636-A059-E96EF7E304C2}.Debug|Any CPU.Build.0 = Debug|Any CPU
		{B5E26DB4-B182-4636-A059-E96EF7E304C2}.Release|Any CPU.ActiveCfg = Release|Any CPU
		{B5E26DB4-B182-4636-A059-E96EF7E304C2}.Release|Any CPU.Build.0 = Release|Any CPU
	EndGlobalSection
	GlobalSection(SolutionProperties) = preSolution
		HideSolutionNode = FALSE
	EndGlobalSection
	GlobalSection(ExtensibilityGlobals) = postSolution
		SolutionGuid = {9FCA6A3E-0390-4AF8-94A7-847CDD042B58}
	EndGlobalSection
EndGlobal
