
Microsoft Visual Studio Solution File, Format Version 12.00
# Visual Studio Version 17
VisualStudioVersion = 17.14.37314.3 d17.14
MinimumVisualStudioVersion = 10.0.40219.1
Project("{FAE04EC0-301F-11D3-BF4B-00C04F79EFBC}") = "Assignment5-App", "Assignment5-App\Assignment5-App.csproj", "{452EABFC-C375-4CF1-A37F-5238E2712EEC}"
EndProject
Global
	GlobalSection(SolutionConfigurationPlatforms) = preSolution
		Debug|Any CPU = Debug|Any CPU
		Release|Any CPU = Release|Any CPU
	EndGlobalSection
	GlobalSection(ProjectConfigurationPlatforms) = postSolution
		{452EABFC-C375-4CF1-A37F-5238E2712EEC}.Debug|Any CPU.ActiveCfg = Debug|Any CPU
		{452EABFC-C375-4CF1-A37F-5238E2712EEC}.Debug|Any CPU.Build.0 = Debug|Any CPU
		{452EABFC-C375-4CF1-A37F-5238E2712EEC}.Release|Any CPU.ActiveCfg = Release|Any CPU
		{452EABFC-C375-4CF1-A37F-5238E2712EEC}.Release|Any CPU.Build.0 = Release|Any CPU
	EndGlobalSection
	GlobalSection(SolutionProperties) = preSolution
		HideSolutionNode = FALSE
	EndGlobalSection
	GlobalSection(ExtensibilityGlobals) = postSolution
		SolutionGuid = {C359FB84-9F10-429B-8C20-85F104A57F84}
	EndGlobalSection
EndGlobal
